
Microsoft Visual Studio Solution File, Format Version 12.00
# Visual Studio Version 16
VisualStudioVersion = 16.0.31729.503
MinimumVisualStudioVersion = 10.0.40219.1
Project("{9A19103F-16F7-4668-BE54-9A1E7A4F7556}") = "AseOutstandingMeetings", "..\appservice\OutstandingMeetings\AseOutstandingMeetings.csproj", "{756988B7-1F8B-4162-B0F3-A173BCAE002F}"
EndProject
Project("{9A19103F-16F7-4668-BE54-9A1E7A4F7556}") = "FnOutstandingMeetings", "..\function\OutstandingMeetings\FnOutstandingMeetings.csproj", "{4D502631-9A59-4CE9-AABF-52EF79FC180A}"
EndProject
Project("{FAE04EC0-301F-11D3-BF4B-00C04F79EFBC}") = "EnOutstandingMeetings", "..\data\Entities\EnOutstandingMeetings.csproj", "{F8130333-C0DB-45AC-B3E0-85BAED2BFA1F}"
EndProject
Global
	GlobalSection(SolutionConfigurationPlatforms) = preSolution
		Debug|Any CPU = Debug|Any CPU
		Release|Any CPU = Release|Any CPU
	EndGlobalSection
	GlobalSection(ProjectConfigurationPlatforms) = postSolution
		{756988B7-1F8B-4162-B0F3-A173BCAE002F}.Debug|Any CPU.ActiveCfg = Debug|Any CPU
		{756988B7-1F8B-4162-B0F3-A173BCAE002F}.Debug|Any CPU.Build.0 = Debug|Any CPU
		{756988B7-1F8B-4162-B0F3-A173BCAE002F}.Release|Any CPU.ActiveCfg = Release|Any CPU
		{756988B7-1F8B-4162-B0F3-A173BCAE002F}.Release|Any CPU.Build.0 = Release|Any CPU
		{4D502631-9A59-4CE9-AABF-52EF79FC180A}.Debug|Any CPU.ActiveCfg = Debug|Any CPU
		{4D502631-9A59-4CE9-AABF-52EF79FC180A}.Debug|Any CPU.Build.0 = Debug|Any CPU
		{4D502631-9A59-4CE9-AABF-52EF79FC180A}.Release|Any CPU.ActiveCfg = Release|Any CPU
		{4D502631-9A59-4CE9-AABF-52EF79FC180A}.Release|Any CPU.Build.0 = Release|Any CPU
		{F8130333-C0DB-45AC-B3E0-85BAED2BFA1F}.Debug|Any CPU.ActiveCfg = Debug|Any CPU
		{F8130333-C0DB-45AC-B3E0-85BAED2BFA1F}.Debug|Any CPU.Build.0 = Debug|Any CPU
		{F8130333-C0DB-45AC-B3E0-85BAED2BFA1F}.Release|Any CPU.ActiveCfg = Release|Any CPU
		{F8130333-C0DB-45AC-B3E0-85BAED2BFA1F}.Release|Any CPU.Build.0 = Release|Any CPU
	EndGlobalSection
	GlobalSection(SolutionProperties) = preSolution
		HideSolutionNode = FALSE
	EndGlobalSection
	GlobalSection(ExtensibilityGlobals) = postSolution
		SolutionGuid = {CB8D16D0-2445-4948-A6B4-BC72709A7CBD}
	EndGlobalSection
EndGlobal
