
Microsoft Visual Studio Solution File, Format Version 12.00
# Visual Studio Version 16
VisualStudioVersion = 16.0.31729.503
MinimumVisualStudioVersion = 10.0.40219.1
Project("{9A19103F-16F7-4668-BE54-9A1E7A4F7556}") = "AseOutstandingMeetings", "..\AseOutstandingMeetings.csproj", "{562D2EDC-2E14-4351-9A2D-F85042F6271A}"
EndProject
Project("{9A19103F-16F7-4668-BE54-9A1E7A4F7556}") = "FnOutstandingMeetings", "..\..\..\function\OutstandingMeetings\FnOutstandingMeetings.csproj", "{BF66A37C-E558-4E4A-B0A7-7C6E8CC5D69B}"
EndProject
Project("{9A19103F-16F7-4668-BE54-9A1E7A4F7556}") = "SidePanel", "..\..\..\bot\WellnessBot\SidePanel.csproj", "{A503A533-6F4A-45E4-94BB-98348394BA39}"
EndProject
Project("{9A19103F-16F7-4668-BE54-9A1E7A4F7556}") = "EnOutstandingMeetings", "..\..\..\data\Entities\EnOutstandingMeetings.csproj", "{F74745AF-6AF1-489E-85B0-B0AD6C0FC135}"
EndProject
Global
	GlobalSection(SolutionConfigurationPlatforms) = preSolution
		Debug|Any CPU = Debug|Any CPU
		Release|Any CPU = Release|Any CPU
	EndGlobalSection
	GlobalSection(ProjectConfigurationPlatforms) = postSolution
		{562D2EDC-2E14-4351-9A2D-F85042F6271A}.Debug|Any CPU.ActiveCfg = Debug|Any CPU
		{562D2EDC-2E14-4351-9A2D-F85042F6271A}.Debug|Any CPU.Build.0 = Debug|Any CPU
		{562D2EDC-2E14-4351-9A2D-F85042F6271A}.Release|Any CPU.ActiveCfg = Release|Any CPU
		{562D2EDC-2E14-4351-9A2D-F85042F6271A}.Release|Any CPU.Build.0 = Release|Any CPU
		{BF66A37C-E558-4E4A-B0A7-7C6E8CC5D69B}.Debug|Any CPU.ActiveCfg = Debug|Any CPU
		{BF66A37C-E558-4E4A-B0A7-7C6E8CC5D69B}.Debug|Any CPU.Build.0 = Debug|Any CPU
		{BF66A37C-E558-4E4A-B0A7-7C6E8CC5D69B}.Release|Any CPU.ActiveCfg = Release|Any CPU
		{BF66A37C-E558-4E4A-B0A7-7C6E8CC5D69B}.Release|Any CPU.Build.0 = Release|Any CPU
		{A503A533-6F4A-45E4-94BB-98348394BA39}.Debug|Any CPU.ActiveCfg = Debug|Any CPU
		{A503A533-6F4A-45E4-94BB-98348394BA39}.Debug|Any CPU.Build.0 = Debug|Any CPU
		{A503A533-6F4A-45E4-94BB-98348394BA39}.Release|Any CPU.ActiveCfg = Release|Any CPU
		{A503A533-6F4A-45E4-94BB-98348394BA39}.Release|Any CPU.Build.0 = Release|Any CPU
		{F74745AF-6AF1-489E-85B0-B0AD6C0FC135}.Debug|Any CPU.ActiveCfg = Debug|Any CPU
		{F74745AF-6AF1-489E-85B0-B0AD6C0FC135}.Debug|Any CPU.Build.0 = Debug|Any CPU
		{F74745AF-6AF1-489E-85B0-B0AD6C0FC135}.Release|Any CPU.ActiveCfg = Release|Any CPU
		{F74745AF-6AF1-489E-85B0-B0AD6C0FC135}.Release|Any CPU.Build.0 = Release|Any CPU
	EndGlobalSection
	GlobalSection(SolutionProperties) = preSolution
		HideSolutionNode = FALSE
	EndGlobalSection
	GlobalSection(ExtensibilityGlobals) = postSolution
		SolutionGuid = {AC162641-0311-4B4E-AF40-261C6DC48A4F}
	EndGlobalSection
EndGlobal
